
Microsoft Visual Studio Solution File, Format Version 12.00
# Visual Studio Version 17
VisualStudioVersion = 17.4.33205.214
MinimumVisualStudioVersion = 10.0.40219.1
Project("{FAE04EC0-301F-11D3-BF4B-00C04F79EFBC}") = "TheBasics", "TheBasics\TheBasics.csproj", "{FC108528-F952-4B88-BA26-E0670DA3BF7D}"
EndProject
Global
	GlobalSection(SolutionConfigurationPlatforms) = preSolution
		Debug|Any CPU = Debug|Any CPU
		Release|Any CPU = Release|Any CPU
	EndGlobalSection
	GlobalSection(ProjectConfigurationPlatforms) = postSolution
		{FC108528-F952-4B88-BA26-E0670DA3BF7D}.Debug|Any CPU.ActiveCfg = Debug|Any CPU
		{FC108528-F952-4B88-BA26-E0670DA3BF7D}.Debug|Any CPU.Build.0 = Debug|Any CPU
		{FC108528-F952-4B88-BA26-E0670DA3BF7D}.Release|Any CPU.ActiveCfg = Release|Any CPU
		{FC108528-F952-4B88-BA26-E0670DA3BF7D}.Release|Any CPU.Build.0 = Release|Any CPU
	EndGlobalSection
	GlobalSection(SolutionProperties) = preSolution
		HideSolutionNode = FALSE
	EndGlobalSection
	GlobalSection(ExtensibilityGlobals) = postSolution
		SolutionGuid = {612525B6-25FF-45A9-8812-9F681B8ED45A}
	EndGlobalSection
EndGlobal
